
Microsoft Visual Studio Solution File, Format Version 12.00
# Visual Studio Version 16
VisualStudioVersion = 16.0.31911.196
MinimumVisualStudioVersion = 10.0.40219.1
Project("{9A19103F-16F7-4668-BE54-9A1E7A4F7556}") = "CarRentingSystem", "CarRentingSystem\CarRentingSystem.csproj", "{AD6FC393-CA77-4203-A0B4-159F3E4F18F5}"
EndProject
Project("{FAE04EC0-301F-11D3-BF4B-00C04F79EFBC}") = "CarRentingSystem.Test", "CarRentingSystem.Test\CarRentingSystem.Test.csproj", "{AEDE4A18-C4DF-4CED-A702-10428B326355}"
EndProject
Global
	GlobalSection(SolutionConfigurationPlatforms) = preSolution
		Debug|Any CPU = Debug|Any CPU
		Release|Any CPU = Release|Any CPU
	EndGlobalSection
	GlobalSection(ProjectConfigurationPlatforms) = postSolution
		{AD6FC393-CA77-4203-A0B4-159F3E4F18F5}.Debug|Any CPU.ActiveCfg = Debug|Any CPU
		{AD6FC393-CA77-4203-A0B4-159F3E4F18F5}.Debug|Any CPU.Build.0 = Debug|Any CPU
		{AD6FC393-CA77-4203-A0B4-159F3E4F18F5}.Release|Any CPU.ActiveCfg = Release|Any CPU
		{AD6FC393-CA77-4203-A0B4-159F3E4F18F5}.Release|Any CPU.Build.0 = Release|Any CPU
		{AEDE4A18-C4DF-4CED-A702-10428B326355}.Debug|Any CPU.ActiveCfg = Debug|Any CPU
		{AEDE4A18-C4DF-4CED-A702-10428B326355}.Debug|Any CPU.Build.0 = Debug|Any CPU
		{AEDE4A18-C4DF-4CED-A702-10428B326355}.Release|Any CPU.ActiveCfg = Release|Any CPU
		{AEDE4A18-C4DF-4CED-A702-10428B326355}.Release|Any CPU.Build.0 = Release|Any CPU
	EndGlobalSection
	GlobalSection(SolutionProperties) = preSolution
		HideSolutionNode = FALSE
	EndGlobalSection
	GlobalSection(ExtensibilityGlobals) = postSolution
		SolutionGuid = {52C143AB-7D73-4713-BCC6-C3FF104C01D0}
	EndGlobalSection
EndGlobal
